// !$*UTF8*$!
{
	archiveVersion = 1;
	classes = {
	};
	objectVersion = 46;
	objects = {

/* Begin PBXBuildFile section */
		40A9CB7A2C6734EC89541C57 /* Pods_EntrandaApp.framework in Frameworks */ = {isa = PBXBuildFile; fileRef = 4C1AD94A4ABBD68B0AD53386 /* Pods_EntrandaApp.framework */; };
		AB1661011E98378000E5B1E5 /* AppDelegate.swift in Sources */ = {isa = PBXBuildFile; fileRef = AB1661001E98378000E5B1E5 /* AppDelegate.swift */; };
		AB1661031E98378000E5B1E5 /* ViewController.swift in Sources */ = {isa = PBXBuildFile; fileRef = AB1661021E98378000E5B1E5 /* ViewController.swift */; };
		AB1661061E98378000E5B1E5 /* Main.storyboard in Resources */ = {isa = PBXBuildFile; fileRef = AB1661041E98378000E5B1E5 /* Main.storyboard */; };
		AB1661081E98378000E5B1E5 /* Assets.xcassets in Resources */ = {isa = PBXBuildFile; fileRef = AB1661071E98378000E5B1E5 /* Assets.xcassets */; };
		AB16610B1E98378000E5B1E5 /* LaunchScreen.storyboard in Resources */ = {isa = PBXBuildFile; fileRef = AB1661091E98378000E5B1E5 /* LaunchScreen.storyboard */; };
		AB2014A61EA675C700B00C01 /* EntrandaData.json in Resources */ = {isa = PBXBuildFile; fileRef = AB2014A51EA675C700B00C01 /* EntrandaData.json */; };
		AB2014A81EA67DF400B00C01 /* PracticeTableViewController.swift in Sources */ = {isa = PBXBuildFile; fileRef = AB2014A71EA67DF400B00C01 /* PracticeTableViewController.swift */; };
		AB6323181E98445A0077B993 /* LocalGuidesTableViewController.swift in Sources */ = {isa = PBXBuildFile; fileRef = AB6323171E98445A0077B993 /* LocalGuidesTableViewController.swift */; };
		AB63231A1E9844A30077B993 /* MessageThreadTableViewController.swift in Sources */ = {isa = PBXBuildFile; fileRef = AB6323191E9844A30077B993 /* MessageThreadTableViewController.swift */; };
		AB63231C1E9AC2500077B993 /* DataModels.swift in Sources */ = {isa = PBXBuildFile; fileRef = AB63231B1E9AC2500077B993 /* DataModels.swift */; };
		AB7686461E9AC49400C7EA3D /* MessageThreadCell.swift in Sources */ = {isa = PBXBuildFile; fileRef = AB7686451E9AC49400C7EA3D /* MessageThreadCell.swift */; };
		AB7686481E9AC68B00C7EA3D /* LetsGoViewController.swift in Sources */ = {isa = PBXBuildFile; fileRef = AB7686471E9AC68B00C7EA3D /* LetsGoViewController.swift */; };
		ABB642AD1E9FF31A00E28A40 /* CreateGuideTableViewController.swift in Sources */ = {isa = PBXBuildFile; fileRef = ABB642AC1E9FF31A00E28A40 /* CreateGuideTableViewController.swift */; };
		ABE79D9E1E9D2E7800DAB662 /* GoogleService-Info.plist in Resources */ = {isa = PBXBuildFile; fileRef = ABE79D9D1E9D2E7800DAB662 /* GoogleService-Info.plist */; };
		ABFF114B1E9D3CA2004A8BC0 /* ChatRoomViewController.swift in Sources */ = {isa = PBXBuildFile; fileRef = ABFF114A1E9D3CA2004A8BC0 /* ChatRoomViewController.swift */; };
		ABFF114D1E9D516C004A8BC0 /* LocalGuideTableViewCell.swift in Sources */ = {isa = PBXBuildFile; fileRef = ABFF114C1E9D516C004A8BC0 /* LocalGuideTableViewCell.swift */; };
		ABFF114F1E9D5514004A8BC0 /* ProfileViewController.swift in Sources */ = {isa = PBXBuildFile; fileRef = ABFF114E1E9D5514004A8BC0 /* ProfileViewController.swift */; };
		ABFF11521E9D94FA004A8BC0 /* EditProfileViewController.swift in Sources */ = {isa = PBXBuildFile; fileRef = ABFF11511E9D94FA004A8BC0 /* EditProfileViewController.swift */; };
		ABFF11541E9D9517004A8BC0 /* SelfProfileViewController.swift in Sources */ = {isa = PBXBuildFile; fileRef = ABFF11531E9D9517004A8BC0 /* SelfProfileViewController.swift */; };
		ABFF11561E9ECCB9004A8BC0 /* EntrandaSimple.storyboard in Resources */ = {isa = PBXBuildFile; fileRef = ABFF11551E9ECCB9004A8BC0 /* EntrandaSimple.storyboard */; };
		ABFF11581E9ECD3A004A8BC0 /* CityGuideTableViewController.swift in Sources */ = {isa = PBXBuildFile; fileRef = ABFF11571E9ECD3A004A8BC0 /* CityGuideTableViewController.swift */; };
		ABFF115B1E9FC3C0004A8BC0 /* CityTableViewCell.swift in Sources */ = {isa = PBXBuildFile; fileRef = ABFF115A1E9FC3C0004A8BC0 /* CityTableViewCell.swift */; };
		ABFF115F1E9FC69D004A8BC0 /* GuideTableViewController.swift in Sources */ = {isa = PBXBuildFile; fileRef = ABFF115E1E9FC69D004A8BC0 /* GuideTableViewController.swift */; };
		ABFF11621E9FC77F004A8BC0 /* GuideTableViewCell.swift in Sources */ = {isa = PBXBuildFile; fileRef = ABFF11611E9FC77F004A8BC0 /* GuideTableViewCell.swift */; };
		ABFF11641E9FC925004A8BC0 /* GuideProfileTableViewController.swift in Sources */ = {isa = PBXBuildFile; fileRef = ABFF11631E9FC925004A8BC0 /* GuideProfileTableViewController.swift */; };
		ABFF11661E9FCA49004A8BC0 /* HoustonFromThePark.jpg in Resources */ = {isa = PBXBuildFile; fileRef = ABFF11651E9FCA49004A8BC0 /* HoustonFromThePark.jpg */; };
/* End PBXBuildFile section */

/* Begin PBXFileReference section */
		4C1AD94A4ABBD68B0AD53386 /* Pods_EntrandaApp.framework */ = {isa = PBXFileReference; explicitFileType = wrapper.framework; includeInIndex = 0; path = Pods_EntrandaApp.framework; sourceTree = BUILT_PRODUCTS_DIR; };
		AAD30965465D8AA787851EBD /* Pods-EntrandaApp.debug.xcconfig */ = {isa = PBXFileReference; includeInIndex = 1; lastKnownFileType = text.xcconfig; name = "Pods-EntrandaApp.debug.xcconfig"; path = "Pods/Target Support Files/Pods-EntrandaApp/Pods-EntrandaApp.debug.xcconfig"; sourceTree = "<group>"; };
		AB1660FD1E98378000E5B1E5 /* EntrandaApp.app */ = {isa = PBXFileReference; explicitFileType = wrapper.application; includeInIndex = 0; path = EntrandaApp.app; sourceTree = BUILT_PRODUCTS_DIR; };
		AB1661001E98378000E5B1E5 /* AppDelegate.swift */ = {isa = PBXFileReference; lastKnownFileType = sourcecode.swift; path = AppDelegate.swift; sourceTree = "<group>"; };
		AB1661021E98378000E5B1E5 /* ViewController.swift */ = {isa = PBXFileReference; lastKnownFileType = sourcecode.swift; path = ViewController.swift; sourceTree = "<group>"; };
		AB1661051E98378000E5B1E5 /* Base */ = {isa = PBXFileReference; lastKnownFileType = file.storyboard; name = Base; path = Base.lproj/Main.storyboard; sourceTree = "<group>"; };
		AB1661071E98378000E5B1E5 /* Assets.xcassets */ = {isa = PBXFileReference; lastKnownFileType = folder.assetcatalog; path = Assets.xcassets; sourceTree = "<group>"; };
		AB16610A1E98378000E5B1E5 /* Base */ = {isa = PBXFileReference; lastKnownFileType = file.storyboard; name = Base; path = Base.lproj/LaunchScreen.storyboard; sourceTree = "<group>"; };
		AB16610C1E98378000E5B1E5 /* Info.plist */ = {isa = PBXFileReference; lastKnownFileType = text.plist.xml; path = Info.plist; sourceTree = "<group>"; };
		AB2014A51EA675C700B00C01 /* EntrandaData.json */ = {isa = PBXFileReference; fileEncoding = 4; lastKnownFileType = text.json; path = EntrandaData.json; sourceTree = "<group>"; };
		AB2014A71EA67DF400B00C01 /* PracticeTableViewController.swift */ = {isa = PBXFileReference; fileEncoding = 4; lastKnownFileType = sourcecode.swift; path = PracticeTableViewController.swift; sourceTree = "<group>"; };
		AB6323171E98445A0077B993 /* LocalGuidesTableViewController.swift */ = {isa = PBXFileReference; fileEncoding = 4; lastKnownFileType = sourcecode.swift; path = LocalGuidesTableViewController.swift; sourceTree = "<group>"; };
		AB6323191E9844A30077B993 /* MessageThreadTableViewController.swift */ = {isa = PBXFileReference; fileEncoding = 4; lastKnownFileType = sourcecode.swift; path = MessageThreadTableViewController.swift; sourceTree = "<group>"; };
		AB63231B1E9AC2500077B993 /* DataModels.swift */ = {isa = PBXFileReference; fileEncoding = 4; lastKnownFileType = sourcecode.swift; path = DataModels.swift; sourceTree = "<group>"; };
		AB7686451E9AC49400C7EA3D /* MessageThreadCell.swift */ = {isa = PBXFileReference; fileEncoding = 4; lastKnownFileType = sourcecode.swift; path = MessageThreadCell.swift; sourceTree = "<group>"; };
		AB7686471E9AC68B00C7EA3D /* LetsGoViewController.swift */ = {isa = PBXFileReference; fileEncoding = 4; lastKnownFileType = sourcecode.swift; path = LetsGoViewController.swift; sourceTree = "<group>"; };
		ABB642AC1E9FF31A00E28A40 /* CreateGuideTableViewController.swift */ = {isa = PBXFileReference; fileEncoding = 4; lastKnownFileType = sourcecode.swift; path = CreateGuideTableViewController.swift; sourceTree = "<group>"; };
		ABE79D9D1E9D2E7800DAB662 /* GoogleService-Info.plist */ = {isa = PBXFileReference; fileEncoding = 4; lastKnownFileType = text.plist.xml; path = "GoogleService-Info.plist"; sourceTree = "<group>"; };
		ABFF114A1E9D3CA2004A8BC0 /* ChatRoomViewController.swift */ = {isa = PBXFileReference; fileEncoding = 4; lastKnownFileType = sourcecode.swift; path = ChatRoomViewController.swift; sourceTree = "<group>"; };
		ABFF114C1E9D516C004A8BC0 /* LocalGuideTableViewCell.swift */ = {isa = PBXFileReference; fileEncoding = 4; lastKnownFileType = sourcecode.swift; path = LocalGuideTableViewCell.swift; sourceTree = "<group>"; };
		ABFF114E1E9D5514004A8BC0 /* ProfileViewController.swift */ = {isa = PBXFileReference; fileEncoding = 4; lastKnownFileType = sourcecode.swift; path = ProfileViewController.swift; sourceTree = "<group>"; };
		ABFF11511E9D94FA004A8BC0 /* EditProfileViewController.swift */ = {isa = PBXFileReference; fileEncoding = 4; lastKnownFileType = sourcecode.swift; path = EditProfileViewController.swift; sourceTree = "<group>"; };
		ABFF11531E9D9517004A8BC0 /* SelfProfileViewController.swift */ = {isa = PBXFileReference; fileEncoding = 4; lastKnownFileType = sourcecode.swift; path = SelfProfileViewController.swift; sourceTree = "<group>"; };
		ABFF11551E9ECCB9004A8BC0 /* EntrandaSimple.storyboard */ = {isa = PBXFileReference; fileEncoding = 4; lastKnownFileType = file.storyboard; path = EntrandaSimple.storyboard; sourceTree = "<group>"; };
		ABFF11571E9ECD3A004A8BC0 /* CityGuideTableViewController.swift */ = {isa = PBXFileReference; fileEncoding = 4; lastKnownFileType = sourcecode.swift; path = CityGuideTableViewController.swift; sourceTree = "<group>"; };
		ABFF115A1E9FC3C0004A8BC0 /* CityTableViewCell.swift */ = {isa = PBXFileReference; fileEncoding = 4; lastKnownFileType = sourcecode.swift; path = CityTableViewCell.swift; sourceTree = "<group>"; };
		ABFF115E1E9FC69D004A8BC0 /* GuideTableViewController.swift */ = {isa = PBXFileReference; fileEncoding = 4; lastKnownFileType = sourcecode.swift; path = GuideTableViewController.swift; sourceTree = "<group>"; };
		ABFF11611E9FC77F004A8BC0 /* GuideTableViewCell.swift */ = {isa = PBXFileReference; fileEncoding = 4; lastKnownFileType = sourcecode.swift; path = GuideTableViewCell.swift; sourceTree = "<group>"; };
		ABFF11631E9FC925004A8BC0 /* GuideProfileTableViewController.swift */ = {isa = PBXFileReference; fileEncoding = 4; lastKnownFileType = sourcecode.swift; path = GuideProfileTableViewController.swift; sourceTree = "<group>"; };
		ABFF11651E9FCA49004A8BC0 /* HoustonFromThePark.jpg */ = {isa = PBXFileReference; lastKnownFileType = image.jpeg; path = HoustonFromThePark.jpg; sourceTree = "<group>"; };
		E530286F4AD61DDCA9B288C9 /* Pods-EntrandaApp.release.xcconfig */ = {isa = PBXFileReference; includeInIndex = 1; lastKnownFileType = text.xcconfig; name = "Pods-EntrandaApp.release.xcconfig"; path = "Pods/Target Support Files/Pods-EntrandaApp/Pods-EntrandaApp.release.xcconfig"; sourceTree = "<group>"; };
/* End PBXFileReference section */

/* Begin PBXFrameworksBuildPhase section */
		AB1660FA1E98378000E5B1E5 /* Frameworks */ = {
			isa = PBXFrameworksBuildPhase;
			buildActionMask = 2147483647;
			files = (
				40A9CB7A2C6734EC89541C57 /* Pods_EntrandaApp.framework in Frameworks */,
			);
			runOnlyForDeploymentPostprocessing = 0;
		};
/* End PBXFrameworksBuildPhase section */

/* Begin PBXGroup section */
		62F7096469A96C86390BA565 /* Frameworks */ = {
			isa = PBXGroup;
			children = (
				4C1AD94A4ABBD68B0AD53386 /* Pods_EntrandaApp.framework */,
			);
			name = Frameworks;
			sourceTree = "<group>";
		};
		8621797CFCDC87254E1CB5F8 /* Pods */ = {
			isa = PBXGroup;
			children = (
				AAD30965465D8AA787851EBD /* Pods-EntrandaApp.debug.xcconfig */,
				E530286F4AD61DDCA9B288C9 /* Pods-EntrandaApp.release.xcconfig */,
			);
			name = Pods;
			sourceTree = "<group>";
		};
		AB1660F41E98378000E5B1E5 = {
			isa = PBXGroup;
			children = (
				AB1660FF1E98378000E5B1E5 /* EntrandaApp */,
				AB1660FE1E98378000E5B1E5 /* Products */,
				8621797CFCDC87254E1CB5F8 /* Pods */,
				62F7096469A96C86390BA565 /* Frameworks */,
			);
			sourceTree = "<group>";
		};
		AB1660FE1E98378000E5B1E5 /* Products */ = {
			isa = PBXGroup;
			children = (
				AB1660FD1E98378000E5B1E5 /* EntrandaApp.app */,
			);
			name = Products;
			sourceTree = "<group>";
		};
		AB1660FF1E98378000E5B1E5 /* EntrandaApp */ = {
			isa = PBXGroup;
			children = (
				ABFF11601E9FC737004A8BC0 /* Simple Entranda Model */,
				ABFF11591E9ECD4A004A8BC0 /* Simple Entranda Controllers */,
				ABFF11501E9D948C004A8BC0 /* Profile View Controllers */,
				AB63231D1E9AC2620077B993 /* Models */,
				AB6323161E9844270077B993 /* Views From The 6 */,
				AB1661001E98378000E5B1E5 /* AppDelegate.swift */,
				AB1661021E98378000E5B1E5 /* ViewController.swift */,
				AB1661071E98378000E5B1E5 /* Assets.xcassets */,
				ABFF11651E9FCA49004A8BC0 /* HoustonFromThePark.jpg */,
				AB1661091E98378000E5B1E5 /* LaunchScreen.storyboard */,
				AB2014A51EA675C700B00C01 /* EntrandaData.json */,
				AB16610C1E98378000E5B1E5 /* Info.plist */,
				ABE79D9D1E9D2E7800DAB662 /* GoogleService-Info.plist */,
			);
			path = EntrandaApp;
			sourceTree = "<group>";
		};
		AB6323161E9844270077B993 /* Views From The 6 */ = {
			isa = PBXGroup;
			children = (
				AB6323171E98445A0077B993 /* LocalGuidesTableViewController.swift */,
				AB6323191E9844A30077B993 /* MessageThreadTableViewController.swift */,
				AB7686471E9AC68B00C7EA3D /* LetsGoViewController.swift */,
				ABFF114A1E9D3CA2004A8BC0 /* ChatRoomViewController.swift */,
			);
			name = "Views From The 6";
			sourceTree = "<group>";
		};
		AB63231D1E9AC2620077B993 /* Models */ = {
			isa = PBXGroup;
			children = (
				AB63231B1E9AC2500077B993 /* DataModels.swift */,
				AB7686451E9AC49400C7EA3D /* MessageThreadCell.swift */,
				ABFF114C1E9D516C004A8BC0 /* LocalGuideTableViewCell.swift */,
				AB1661041E98378000E5B1E5 /* Main.storyboard */,
			);
			name = Models;
			sourceTree = "<group>";
		};
		ABFF11501E9D948C004A8BC0 /* Profile View Controllers */ = {
			isa = PBXGroup;
			children = (
				ABFF114E1E9D5514004A8BC0 /* ProfileViewController.swift */,
				ABFF11511E9D94FA004A8BC0 /* EditProfileViewController.swift */,
				ABFF11531E9D9517004A8BC0 /* SelfProfileViewController.swift */,
				AB2014A71EA67DF400B00C01 /* PracticeTableViewController.swift */,
			);
			name = "Profile View Controllers";
			sourceTree = "<group>";
		};
		ABFF11591E9ECD4A004A8BC0 /* Simple Entranda Controllers */ = {
			isa = PBXGroup;
			children = (
				ABFF11571E9ECD3A004A8BC0 /* CityGuideTableViewController.swift */,
				ABFF11631E9FC925004A8BC0 /* GuideProfileTableViewController.swift */,
				ABFF115E1E9FC69D004A8BC0 /* GuideTableViewController.swift */,
				ABB642AC1E9FF31A00E28A40 /* CreateGuideTableViewController.swift */,
			);
			name = "Simple Entranda Controllers";
			sourceTree = "<group>";
		};
		ABFF11601E9FC737004A8BC0 /* Simple Entranda Model */ = {
			isa = PBXGroup;
			children = (
				ABFF115A1E9FC3C0004A8BC0 /* CityTableViewCell.swift */,
				ABFF11611E9FC77F004A8BC0 /* GuideTableViewCell.swift */,
				ABFF11551E9ECCB9004A8BC0 /* EntrandaSimple.storyboard */,
			);
			name = "Simple Entranda Model";
			sourceTree = "<group>";
		};
/* End PBXGroup section */

/* Begin PBXNativeTarget section */
		AB1660FC1E98378000E5B1E5 /* EntrandaApp */ = {
			isa = PBXNativeTarget;
			buildConfigurationList = AB16610F1E98378000E5B1E5 /* Build configuration list for PBXNativeTarget "EntrandaApp" */;
			buildPhases = (
				6D82F96AA5288B7032494C78 /* [CP] Check Pods Manifest.lock */,
				AB1660F91E98378000E5B1E5 /* Sources */,
				AB1660FA1E98378000E5B1E5 /* Frameworks */,
				AB1660FB1E98378000E5B1E5 /* Resources */,
				C98D96CF4E1923F3BEC93FE0 /* [CP] Embed Pods Frameworks */,
				09733E80BB64F4AFA465E127 /* [CP] Copy Pods Resources */,
			);
			buildRules = (
			);
			dependencies = (
			);
			name = EntrandaApp;
			productName = EntrandaApp;
			productReference = AB1660FD1E98378000E5B1E5 /* EntrandaApp.app */;
			productType = "com.apple.product-type.application";
		};
/* End PBXNativeTarget section */

/* Begin PBXProject section */
		AB1660F51E98378000E5B1E5 /* Project object */ = {
			isa = PBXProject;
			attributes = {
				LastSwiftUpdateCheck = 0830;
				LastUpgradeCheck = 0830;
				ORGANIZATIONNAME = "Jonathan Edgar";
				TargetAttributes = {
					AB1660FC1E98378000E5B1E5 = {
						CreatedOnToolsVersion = 8.3;
						DevelopmentTeam = JVCXTUSEZC;
						ProvisioningStyle = Automatic;
					};
				};
			};
			buildConfigurationList = AB1660F81E98378000E5B1E5 /* Build configuration list for PBXProject "EntrandaApp" */;
			compatibilityVersion = "Xcode 3.2";
			developmentRegion = English;
			hasScannedForEncodings = 0;
			knownRegions = (
				en,
				Base,
			);
			mainGroup = AB1660F41E98378000E5B1E5;
			productRefGroup = AB1660FE1E98378000E5B1E5 /* Products */;
			projectDirPath = "";
			projectRoot = "";
			targets = (
				AB1660FC1E98378000E5B1E5 /* EntrandaApp */,
			);
		};
/* End PBXProject section */

/* Begin PBXResourcesBuildPhase section */
		AB1660FB1E98378000E5B1E5 /* Resources */ = {
			isa = PBXResourcesBuildPhase;
			buildActionMask = 2147483647;
			files = (
				ABFF11561E9ECCB9004A8BC0 /* EntrandaSimple.storyboard in Resources */,
				AB2014A61EA675C700B00C01 /* EntrandaData.json in Resources */,
				AB16610B1E98378000E5B1E5 /* LaunchScreen.storyboard in Resources */,
				ABE79D9E1E9D2E7800DAB662 /* GoogleService-Info.plist in Resources */,
				AB1661081E98378000E5B1E5 /* Assets.xcassets in Resources */,
				ABFF11661E9FCA49004A8BC0 /* HoustonFromThePark.jpg in Resources */,
				AB1661061E98378000E5B1E5 /* Main.storyboard in Resources */,
			);
			runOnlyForDeploymentPostprocessing = 0;
		};
/* End PBXResourcesBuildPhase section */

/* Begin PBXShellScriptBuildPhase section */
		09733E80BB64F4AFA465E127 /* [CP] Copy Pods Resources */ = {
			isa = PBXShellScriptBuildPhase;
			buildActionMask = 2147483647;
			files = (
			);
			inputPaths = (
			);
			name = "[CP] Copy Pods Resources";
			outputPaths = (
			);
			runOnlyForDeploymentPostprocessing = 0;
			shellPath = /bin/sh;
			shellScript = "\"${SRCROOT}/Pods/Target Support Files/Pods-EntrandaApp/Pods-EntrandaApp-resources.sh\"\n";
			showEnvVarsInLog = 0;
		};
		6D82F96AA5288B7032494C78 /* [CP] Check Pods Manifest.lock */ = {
			isa = PBXShellScriptBuildPhase;
			buildActionMask = 2147483647;
			files = (
			);
			inputPaths = (
			);
			name = "[CP] Check Pods Manifest.lock";
			outputPaths = (
			);
			runOnlyForDeploymentPostprocessing = 0;
			shellPath = /bin/sh;
			shellScript = "diff \"${PODS_ROOT}/../Podfile.lock\" \"${PODS_ROOT}/Manifest.lock\" > /dev/null\nif [ $? != 0 ] ; then\n    # print error to STDERR\n    echo \"error: The sandbox is not in sync with the Podfile.lock. Run 'pod install' or update your CocoaPods installation.\" >&2\n    exit 1\nfi\n";
			showEnvVarsInLog = 0;
		};
		C98D96CF4E1923F3BEC93FE0 /* [CP] Embed Pods Frameworks */ = {
			isa = PBXShellScriptBuildPhase;
			buildActionMask = 2147483647;
			files = (
			);
			inputPaths = (
			);
			name = "[CP] Embed Pods Frameworks";
			outputPaths = (
			);
			runOnlyForDeploymentPostprocessing = 0;
			shellPath = /bin/sh;
			shellScript = "\"${SRCROOT}/Pods/Target Support Files/Pods-EntrandaApp/Pods-EntrandaApp-frameworks.sh\"\n";
			showEnvVarsInLog = 0;
		};
/* End PBXShellScriptBuildPhase section */

/* Begin PBXSourcesBuildPhase section */
		AB1660F91E98378000E5B1E5 /* Sources */ = {
			isa = PBXSourcesBuildPhase;
			buildActionMask = 2147483647;
			files = (
				ABFF11541E9D9517004A8BC0 /* SelfProfileViewController.swift in Sources */,
				ABFF11521E9D94FA004A8BC0 /* EditProfileViewController.swift in Sources */,
				AB1661031E98378000E5B1E5 /* ViewController.swift in Sources */,
				ABFF11581E9ECD3A004A8BC0 /* CityGuideTableViewController.swift in Sources */,
				ABFF11621E9FC77F004A8BC0 /* GuideTableViewCell.swift in Sources */,
				ABFF114D1E9D516C004A8BC0 /* LocalGuideTableViewCell.swift in Sources */,
				ABFF114F1E9D5514004A8BC0 /* ProfileViewController.swift in Sources */,
				AB2014A81EA67DF400B00C01 /* PracticeTableViewController.swift in Sources */,
				AB63231A1E9844A30077B993 /* MessageThreadTableViewController.swift in Sources */,
				AB63231C1E9AC2500077B993 /* DataModels.swift in Sources */,
				ABFF115B1E9FC3C0004A8BC0 /* CityTableViewCell.swift in Sources */,
				ABFF114B1E9D3CA2004A8BC0 /* ChatRoomViewController.swift in Sources */,
				ABFF11641E9FC925004A8BC0 /* GuideProfileTableViewController.swift in Sources */,
				ABFF115F1E9FC69D004A8BC0 /* GuideTableViewController.swift in Sources */,
				AB1661011E98378000E5B1E5 /* AppDelegate.swift in Sources */,
				AB7686461E9AC49400C7EA3D /* MessageThreadCell.swift in Sources */,
				AB7686481E9AC68B00C7EA3D /* LetsGoViewController.swift in Sources */,
				ABB642AD1E9FF31A00E28A40 /* CreateGuideTableViewController.swift in Sources */,
				AB6323181E98445A0077B993 /* LocalGuidesTableViewController.swift in Sources */,
			);
			runOnlyForDeploymentPostprocessing = 0;
		};
/* End PBXSourcesBuildPhase section */

/* Begin PBXVariantGroup section */
		AB1661041E98378000E5B1E5 /* Main.storyboard */ = {
			isa = PBXVariantGroup;
			children = (
				AB1661051E98378000E5B1E5 /* Base */,
			);
			name = Main.storyboard;
			sourceTree = "<group>";
		};
		AB1661091E98378000E5B1E5 /* LaunchScreen.storyboard */ = {
			isa = PBXVariantGroup;
			children = (
				AB16610A1E98378000E5B1E5 /* Base */,
			);
			name = LaunchScreen.storyboard;
			sourceTree = "<group>";
		};
/* End PBXVariantGroup section */

/* Begin XCBuildConfiguration section */
		AB16610D1E98378000E5B1E5 /* Debug */ = {
			isa = XCBuildConfiguration;
			buildSettings = {
				ALWAYS_SEARCH_USER_PATHS = NO;
				CLANG_ANALYZER_NONNULL = YES;
				CLANG_ANALYZER_NUMBER_OBJECT_CONVERSION = YES_AGGRESSIVE;
				CLANG_CXX_LANGUAGE_STANDARD = "gnu++0x";
				CLANG_CXX_LIBRARY = "libc++";
				CLANG_ENABLE_MODULES = YES;
				CLANG_ENABLE_OBJC_ARC = YES;
				CLANG_WARN_BOOL_CONVERSION = YES;
				CLANG_WARN_CONSTANT_CONVERSION = YES;
				CLANG_WARN_DIRECT_OBJC_ISA_USAGE = YES_ERROR;
				CLANG_WARN_DOCUMENTATION_COMMENTS = YES;
				CLANG_WARN_EMPTY_BODY = YES;
				CLANG_WARN_ENUM_CONVERSION = YES;
				CLANG_WARN_INFINITE_RECURSION = YES;
				CLANG_WARN_INT_CONVERSION = YES;
				CLANG_WARN_OBJC_ROOT_CLASS = YES_ERROR;
				CLANG_WARN_SUSPICIOUS_MOVE = YES;
				CLANG_WARN_UNREACHABLE_CODE = YES;
				CLANG_WARN__DUPLICATE_METHOD_MATCH = YES;
				"CODE_SIGN_IDENTITY[sdk=iphoneos*]" = "iPhone Developer";
				COPY_PHASE_STRIP = NO;
				DEBUG_INFORMATION_FORMAT = dwarf;
				ENABLE_STRICT_OBJC_MSGSEND = YES;
				ENABLE_TESTABILITY = YES;
				GCC_C_LANGUAGE_STANDARD = gnu99;
				GCC_DYNAMIC_NO_PIC = NO;
				GCC_NO_COMMON_BLOCKS = YES;
				GCC_OPTIMIZATION_LEVEL = 0;
				GCC_PREPROCESSOR_DEFINITIONS = (
					"DEBUG=1",
					"$(inherited)",
				);
				GCC_WARN_64_TO_32_BIT_CONVERSION = YES;
				GCC_WARN_ABOUT_RETURN_TYPE = YES_ERROR;
				GCC_WARN_UNDECLARED_SELECTOR = YES;
				GCC_WARN_UNINITIALIZED_AUTOS = YES_AGGRESSIVE;
				GCC_WARN_UNUSED_FUNCTION = YES;
				GCC_WARN_UNUSED_VARIABLE = YES;
				IPHONEOS_DEPLOYMENT_TARGET = 10.3;
				MTL_ENABLE_DEBUG_INFO = YES;
				ONLY_ACTIVE_ARCH = YES;
				SDKROOT = iphoneos;
				SWIFT_ACTIVE_COMPILATION_CONDITIONS = DEBUG;
				SWIFT_OPTIMIZATION_LEVEL = "-Onone";
				TARGETED_DEVICE_FAMILY = "1,2";
			};
			name = Debug;
		};
		AB16610E1E98378000E5B1E5 /* Release */ = {
			isa = XCBuildConfiguration;
			buildSettings = {
				ALWAYS_SEARCH_USER_PATHS = NO;
				CLANG_ANALYZER_NONNULL = YES;
				CLANG_ANALYZER_NUMBER_OBJECT_CONVERSION = YES_AGGRESSIVE;
				CLANG_CXX_LANGUAGE_STANDARD = "gnu++0x";
				CLANG_CXX_LIBRARY = "libc++";
				CLANG_ENABLE_MODULES = YES;
				CLANG_ENABLE_OBJC_ARC = YES;
				CLANG_WARN_BOOL_CONVERSION = YES;
				CLANG_WARN_CONSTANT_CONVERSION = YES;
				CLANG_WARN_DIRECT_OBJC_ISA_USAGE = YES_ERROR;
				CLANG_WARN_DOCUMENTATION_COMMENTS = YES;
				CLANG_WARN_EMPTY_BODY = YES;
				CLANG_WARN_ENUM_CONVERSION = YES;
				CLANG_WARN_INFINITE_RECURSION = YES;
				CLANG_WARN_INT_CONVERSION = YES;
				CLANG_WARN_OBJC_ROOT_CLASS = YES_ERROR;
				CLANG_WARN_SUSPICIOUS_MOVE = YES;
				CLANG_WARN_UNREACHABLE_CODE = YES;
				CLANG_WARN__DUPLICATE_METHOD_MATCH = YES;
				"CODE_SIGN_IDENTITY[sdk=iphoneos*]" = "iPhone Developer";
				COPY_PHASE_STRIP = NO;
				DEBUG_INFORMATION_FORMAT = "dwarf-with-dsym";
				ENABLE_NS_ASSERTIONS = NO;
				ENABLE_STRICT_OBJC_MSGSEND = YES;
				GCC_C_LANGUAGE_STANDARD = gnu99;
				GCC_NO_COMMON_BLOCKS = YES;
				GCC_WARN_64_TO_32_BIT_CONVERSION = YES;
				GCC_WARN_ABOUT_RETURN_TYPE = YES_ERROR;
				GCC_WARN_UNDECLARED_SELECTOR = YES;
				GCC_WARN_UNINITIALIZED_AUTOS = YES_AGGRESSIVE;
				GCC_WARN_UNUSED_FUNCTION = YES;
				GCC_WARN_UNUSED_VARIABLE = YES;
				IPHONEOS_DEPLOYMENT_TARGET = 10.3;
				MTL_ENABLE_DEBUG_INFO = NO;
				SDKROOT = iphoneos;
				SWIFT_OPTIMIZATION_LEVEL = "-Owholemodule";
				TARGETED_DEVICE_FAMILY = "1,2";
				VALIDATE_PRODUCT = YES;
			};
			name = Release;
		};
		AB1661101E98378000E5B1E5 /* Debug */ = {
			isa = XCBuildConfiguration;
			baseConfigurationReference = AAD30965465D8AA787851EBD /* Pods-EntrandaApp.debug.xcconfig */;
			buildSettings = {
				ASSETCATALOG_COMPILER_APPICON_NAME = AppIcon;
				DEVELOPMENT_TEAM = JVCXTUSEZC;
				INFOPLIST_FILE = EntrandaApp/Info.plist;
				LD_RUNPATH_SEARCH_PATHS = "$(inherited) @executable_path/Frameworks";
				PRODUCT_BUNDLE_IDENTIFIER = edgar.EntrandaApp;
				PRODUCT_NAME = "$(TARGET_NAME)";
				SWIFT_VERSION = 3.0;
			};
			name = Debug;
		};
		AB1661111E98378000E5B1E5 /* Release */ = {
			isa = XCBuildConfiguration;
			baseConfigurationReference = E530286F4AD61DDCA9B288C9 /* Pods-EntrandaApp.release.xcconfig */;
			buildSettings = {
				ASSETCATALOG_COMPILER_APPICON_NAME = AppIcon;
				DEVELOPMENT_TEAM = JVCXTUSEZC;
				INFOPLIST_FILE = EntrandaApp/Info.plist;
				LD_RUNPATH_SEARCH_PATHS = "$(inherited) @executable_path/Frameworks";
				PRODUCT_BUNDLE_IDENTIFIER = edgar.EntrandaApp;
				PRODUCT_NAME = "$(TARGET_NAME)";
				SWIFT_VERSION = 3.0;
			};
			name = Release;
		};
/* End XCBuildConfiguration section */

/* Begin XCConfigurationList section */
		AB1660F81E98378000E5B1E5 /* Build configuration list for PBXProject "EntrandaApp" */ = {
			isa = XCConfigurationList;
			buildConfigurations = (
				AB16610D1E98378000E5B1E5 /* Debug */,
				AB16610E1E98378000E5B1E5 /* Release */,
			);
			defaultConfigurationIsVisible = 0;
			defaultConfigurationName = Release;
		};
		AB16610F1E98378000E5B1E5 /* Build configuration list for PBXNativeTarget "EntrandaApp" */ = {
			isa = XCConfigurationList;
			buildConfigurations = (
				AB1661101E98378000E5B1E5 /* Debug */,
				AB1661111E98378000E5B1E5 /* Release */,
			);
			defaultConfigurationIsVisible = 0;
			defaultConfigurationName = Release;
		};
/* End XCConfigurationList section */
	};
	rootObject = AB1660F51E98378000E5B1E5 /* Project object */;
}
